// !$*UTF8*$!
{
	archiveVersion = 1;
	classes = {
	};
	objectVersion = 51;
	objects = {

/* Begin PBXBuildFile section */
		25C4528E079EA21006D71362 /* Pods_ChatApp.framework in Frameworks */ = {isa = PBXBuildFile; fileRef = 6064BB6FC79AAD0C724EEA9D /* Pods_ChatApp.framework */; };
		CB78CB4BD8DC3510BDC8CE70 /* Pods_ChatAppTests.framework in Frameworks */ = {isa = PBXBuildFile; fileRef = 84F5849BA87DBFEE30D43F96 /* Pods_ChatAppTests.framework */; };
		D2012E32FD36E2C5E5D696CD /* Pods_ChatApp_ChatAppUITests.framework in Frameworks */ = {isa = PBXBuildFile; fileRef = EFD3519BD41654406F1BF2C0 /* Pods_ChatApp_ChatAppUITests.framework */; };
		E20373CF253A035800356915 /* Message.swift in Sources */ = {isa = PBXBuildFile; fileRef = E20373CE253A035800356915 /* Message.swift */; };
		E24FD16425376E9600687520 /* MockMessage.swift in Sources */ = {isa = PBXBuildFile; fileRef = E24FD16325376E9600687520 /* MockMessage.swift */; };
		E252AA42253234A400BDD317 /* ChatTableViewCell.swift in Sources */ = {isa = PBXBuildFile; fileRef = E252AA40253234A400BDD317 /* ChatTableViewCell.swift */; };
		E252AA43253234A400BDD317 /* ChatTableViewCell.xib in Resources */ = {isa = PBXBuildFile; fileRef = E252AA41253234A400BDD317 /* ChatTableViewCell.xib */; };
		E252AA452532350300BDD317 /* ChatViewController.swift in Sources */ = {isa = PBXBuildFile; fileRef = E252AA442532350300BDD317 /* ChatViewController.swift */; };
		E252AA472532355200BDD317 /* -----ViewController.swift in Sources */ = {isa = PBXBuildFile; fileRef = E252AA462532355200BDD317 /* -----ViewController.swift */; };
		E252AA492532356900BDD317 /* Chat.swift in Sources */ = {isa = PBXBuildFile; fileRef = E252AA482532356900BDD317 /* Chat.swift */; };
		E2851CB02531C61300127D01 /* AppDelegate.swift in Sources */ = {isa = PBXBuildFile; fileRef = E2851CAF2531C61300127D01 /* AppDelegate.swift */; };
		E2851CB22531C61300127D01 /* SceneDelegate.swift in Sources */ = {isa = PBXBuildFile; fileRef = E2851CB12531C61300127D01 /* SceneDelegate.swift */; };
		E2851CB42531C61300127D01 /* ViewController.swift in Sources */ = {isa = PBXBuildFile; fileRef = E2851CB32531C61300127D01 /* ViewController.swift */; };
		E2851CB72531C61300127D01 /* Main.storyboard in Resources */ = {isa = PBXBuildFile; fileRef = E2851CB52531C61300127D01 /* Main.storyboard */; };
		E2851CB92531C61600127D01 /* Assets.xcassets in Resources */ = {isa = PBXBuildFile; fileRef = E2851CB82531C61600127D01 /* Assets.xcassets */; };
		E2851CBC2531C61600127D01 /* LaunchScreen.storyboard in Resources */ = {isa = PBXBuildFile; fileRef = E2851CBA2531C61600127D01 /* LaunchScreen.storyboard */; };
		E2851CC72531C61700127D01 /* ChatAppTests.swift in Sources */ = {isa = PBXBuildFile; fileRef = E2851CC62531C61700127D01 /* ChatAppTests.swift */; };
		E2851CD22531C61700127D01 /* ChatAppUITests.swift in Sources */ = {isa = PBXBuildFile; fileRef = E2851CD12531C61700127D01 /* ChatAppUITests.swift */; };
/* End PBXBuildFile section */

/* Begin PBXContainerItemProxy section */
		E2851CC32531C61700127D01 /* PBXContainerItemProxy */ = {
			isa = PBXContainerItemProxy;
			containerPortal = E2851CA42531C61300127D01 /* Project object */;
			proxyType = 1;
			remoteGlobalIDString = E2851CAB2531C61300127D01;
			remoteInfo = ChatApp;
		};
		E2851CCE2531C61700127D01 /* PBXContainerItemProxy */ = {
			isa = PBXContainerItemProxy;
			containerPortal = E2851CA42531C61300127D01 /* Project object */;
			proxyType = 1;
			remoteGlobalIDString = E2851CAB2531C61300127D01;
			remoteInfo = ChatApp;
		};
/* End PBXContainerItemProxy section */

/* Begin PBXFileReference section */
		41A74983D907809EF9751510 /* Pods-ChatApp-ChatAppUITests.debug.xcconfig */ = {isa = PBXFileReference; includeInIndex = 1; lastKnownFileType = text.xcconfig; name = "Pods-ChatApp-ChatAppUITests.debug.xcconfig"; path = "Target Support Files/Pods-ChatApp-ChatAppUITests/Pods-ChatApp-ChatAppUITests.debug.xcconfig"; sourceTree = "<group>"; };
		6064BB6FC79AAD0C724EEA9D /* Pods_ChatApp.framework */ = {isa = PBXFileReference; explicitFileType = wrapper.framework; includeInIndex = 0; path = Pods_ChatApp.framework; sourceTree = BUILT_PRODUCTS_DIR; };
		84F5849BA87DBFEE30D43F96 /* Pods_ChatAppTests.framework */ = {isa = PBXFileReference; explicitFileType = wrapper.framework; includeInIndex = 0; path = Pods_ChatAppTests.framework; sourceTree = BUILT_PRODUCTS_DIR; };
		93BBE89F8E6D7E9300E34D73 /* Pods-ChatApp.debug.xcconfig */ = {isa = PBXFileReference; includeInIndex = 1; lastKnownFileType = text.xcconfig; name = "Pods-ChatApp.debug.xcconfig"; path = "Target Support Files/Pods-ChatApp/Pods-ChatApp.debug.xcconfig"; sourceTree = "<group>"; };
		A70E44722463EDC4585877BE /* Pods-ChatAppTests.debug.xcconfig */ = {isa = PBXFileReference; includeInIndex = 1; lastKnownFileType = text.xcconfig; name = "Pods-ChatAppTests.debug.xcconfig"; path = "Target Support Files/Pods-ChatAppTests/Pods-ChatAppTests.debug.xcconfig"; sourceTree = "<group>"; };
		CF80B55EB4F2DC0B3D2CE92D /* Pods-ChatAppTests.release.xcconfig */ = {isa = PBXFileReference; includeInIndex = 1; lastKnownFileType = text.xcconfig; name = "Pods-ChatAppTests.release.xcconfig"; path = "Target Support Files/Pods-ChatAppTests/Pods-ChatAppTests.release.xcconfig"; sourceTree = "<group>"; };
		D695E970238F5003A3A2F7A9 /* Pods-ChatApp-ChatAppUITests.release.xcconfig */ = {isa = PBXFileReference; includeInIndex = 1; lastKnownFileType = text.xcconfig; name = "Pods-ChatApp-ChatAppUITests.release.xcconfig"; path = "Target Support Files/Pods-ChatApp-ChatAppUITests/Pods-ChatApp-ChatAppUITests.release.xcconfig"; sourceTree = "<group>"; };
		DF466DF8436D64C55CA20489 /* Pods-ChatApp.release.xcconfig */ = {isa = PBXFileReference; includeInIndex = 1; lastKnownFileType = text.xcconfig; name = "Pods-ChatApp.release.xcconfig"; path = "Target Support Files/Pods-ChatApp/Pods-ChatApp.release.xcconfig"; sourceTree = "<group>"; };
		E20373CE253A035800356915 /* Message.swift */ = {isa = PBXFileReference; lastKnownFileType = sourcecode.swift; path = Message.swift; sourceTree = "<group>"; };
		E24FD16325376E9600687520 /* MockMessage.swift */ = {isa = PBXFileReference; lastKnownFileType = sourcecode.swift; path = MockMessage.swift; sourceTree = "<group>"; };
		E252AA40253234A400BDD317 /* ChatTableViewCell.swift */ = {isa = PBXFileReference; lastKnownFileType = sourcecode.swift; path = ChatTableViewCell.swift; sourceTree = "<group>"; };
		E252AA41253234A400BDD317 /* ChatTableViewCell.xib */ = {isa = PBXFileReference; lastKnownFileType = file.xib; path = ChatTableViewCell.xib; sourceTree = "<group>"; };
		E252AA442532350300BDD317 /* ChatViewController.swift */ = {isa = PBXFileReference; lastKnownFileType = sourcecode.swift; path = ChatViewController.swift; sourceTree = "<group>"; };
		E252AA462532355200BDD317 /* -----ViewController.swift */ = {isa = PBXFileReference; lastKnownFileType = sourcecode.swift; path = "-----ViewController.swift"; sourceTree = "<group>"; };
		E252AA482532356900BDD317 /* Chat.swift */ = {isa = PBXFileReference; lastKnownFileType = sourcecode.swift; path = Chat.swift; sourceTree = "<group>"; };
		E2851CAC2531C61300127D01 /* ChatApp.app */ = {isa = PBXFileReference; explicitFileType = wrapper.application; includeInIndex = 0; path = ChatApp.app; sourceTree = BUILT_PRODUCTS_DIR; };
		E2851CAF2531C61300127D01 /* AppDelegate.swift */ = {isa = PBXFileReference; lastKnownFileType = sourcecode.swift; path = AppDelegate.swift; sourceTree = "<group>"; };
		E2851CB12531C61300127D01 /* SceneDelegate.swift */ = {isa = PBXFileReference; lastKnownFileType = sourcecode.swift; path = SceneDelegate.swift; sourceTree = "<group>"; };
		E2851CB32531C61300127D01 /* ViewController.swift */ = {isa = PBXFileReference; lastKnownFileType = sourcecode.swift; path = ViewController.swift; sourceTree = "<group>"; };
		E2851CB62531C61300127D01 /* Base */ = {isa = PBXFileReference; lastKnownFileType = file.storyboard; name = Base; path = Base.lproj/Main.storyboard; sourceTree = "<group>"; };
		E2851CB82531C61600127D01 /* Assets.xcassets */ = {isa = PBXFileReference; lastKnownFileType = folder.assetcatalog; path = Assets.xcassets; sourceTree = "<group>"; };
		E2851CBB2531C61600127D01 /* Base */ = {isa = PBXFileReference; lastKnownFileType = file.storyboard; name = Base; path = Base.lproj/LaunchScreen.storyboard; sourceTree = "<group>"; };
		E2851CBD2531C61600127D01 /* Info.plist */ = {isa = PBXFileReference; lastKnownFileType = text.plist.xml; path = Info.plist; sourceTree = "<group>"; };
		E2851CC22531C61700127D01 /* ChatAppTests.xctest */ = {isa = PBXFileReference; explicitFileType = wrapper.cfbundle; includeInIndex = 0; path = ChatAppTests.xctest; sourceTree = BUILT_PRODUCTS_DIR; };
		E2851CC62531C61700127D01 /* ChatAppTests.swift */ = {isa = PBXFileReference; lastKnownFileType = sourcecode.swift; path = ChatAppTests.swift; sourceTree = "<group>"; };
		E2851CC82531C61700127D01 /* Info.plist */ = {isa = PBXFileReference; lastKnownFileType = text.plist.xml; path = Info.plist; sourceTree = "<group>"; };
		E2851CCD2531C61700127D01 /* ChatAppUITests.xctest */ = {isa = PBXFileReference; explicitFileType = wrapper.cfbundle; includeInIndex = 0; path = ChatAppUITests.xctest; sourceTree = BUILT_PRODUCTS_DIR; };
		E2851CD12531C61700127D01 /* ChatAppUITests.swift */ = {isa = PBXFileReference; lastKnownFileType = sourcecode.swift; path = ChatAppUITests.swift; sourceTree = "<group>"; };
		E2851CD32531C61700127D01 /* Info.plist */ = {isa = PBXFileReference; lastKnownFileType = text.plist.xml; path = Info.plist; sourceTree = "<group>"; };
		EFD3519BD41654406F1BF2C0 /* Pods_ChatApp_ChatAppUITests.framework */ = {isa = PBXFileReference; explicitFileType = wrapper.framework; includeInIndex = 0; path = Pods_ChatApp_ChatAppUITests.framework; sourceTree = BUILT_PRODUCTS_DIR; };
/* End PBXFileReference section */

/* Begin PBXFrameworksBuildPhase section */
		E2851CA92531C61300127D01 /* Frameworks */ = {
			isa = PBXFrameworksBuildPhase;
			buildActionMask = 2147483647;
			files = (
				25C4528E079EA21006D71362 /* Pods_ChatApp.framework in Frameworks */,
			);
			runOnlyForDeploymentPostprocessing = 0;
		};
		E2851CBF2531C61700127D01 /* Frameworks */ = {
			isa = PBXFrameworksBuildPhase;
			buildActionMask = 2147483647;
			files = (
				CB78CB4BD8DC3510BDC8CE70 /* Pods_ChatAppTests.framework in Frameworks */,
			);
			runOnlyForDeploymentPostprocessing = 0;
		};
		E2851CCA2531C61700127D01 /* Frameworks */ = {
			isa = PBXFrameworksBuildPhase;
			buildActionMask = 2147483647;
			files = (
				D2012E32FD36E2C5E5D696CD /* Pods_ChatApp_ChatAppUITests.framework in Frameworks */,
			);
			runOnlyForDeploymentPostprocessing = 0;
		};
/* End PBXFrameworksBuildPhase section */

/* Begin PBXGroup section */
		21B8B947C1C4FE15C2D86910 /* Frameworks */ = {
			isa = PBXGroup;
			children = (
				6064BB6FC79AAD0C724EEA9D /* Pods_ChatApp.framework */,
				EFD3519BD41654406F1BF2C0 /* Pods_ChatApp_ChatAppUITests.framework */,
				84F5849BA87DBFEE30D43F96 /* Pods_ChatAppTests.framework */,
			);
			name = Frameworks;
			sourceTree = "<group>";
		};
		8E81BEBDF9D5F8F18F342263 /* Pods */ = {
			isa = PBXGroup;
			children = (
				93BBE89F8E6D7E9300E34D73 /* Pods-ChatApp.debug.xcconfig */,
				DF466DF8436D64C55CA20489 /* Pods-ChatApp.release.xcconfig */,
				41A74983D907809EF9751510 /* Pods-ChatApp-ChatAppUITests.debug.xcconfig */,
				D695E970238F5003A3A2F7A9 /* Pods-ChatApp-ChatAppUITests.release.xcconfig */,
				A70E44722463EDC4585877BE /* Pods-ChatAppTests.debug.xcconfig */,
				CF80B55EB4F2DC0B3D2CE92D /* Pods-ChatAppTests.release.xcconfig */,
			);
			path = Pods;
			sourceTree = "<group>";
		};
		E2851CA32531C61300127D01 = {
			isa = PBXGroup;
			children = (
				E2851CAE2531C61300127D01 /* ChatApp */,
				E2851CC52531C61700127D01 /* ChatAppTests */,
				E2851CD02531C61700127D01 /* ChatAppUITests */,
				E2851CAD2531C61300127D01 /* Products */,
				8E81BEBDF9D5F8F18F342263 /* Pods */,
				21B8B947C1C4FE15C2D86910 /* Frameworks */,
			);
			sourceTree = "<group>";
		};
		E2851CAD2531C61300127D01 /* Products */ = {
			isa = PBXGroup;
			children = (
				E2851CAC2531C61300127D01 /* ChatApp.app */,
				E2851CC22531C61700127D01 /* ChatAppTests.xctest */,
				E2851CCD2531C61700127D01 /* ChatAppUITests.xctest */,
			);
			name = Products;
			sourceTree = "<group>";
		};
		E2851CAE2531C61300127D01 /* ChatApp */ = {
			isa = PBXGroup;
			children = (
				E2851CAF2531C61300127D01 /* AppDelegate.swift */,
				E2851CB12531C61300127D01 /* SceneDelegate.swift */,
				E2851CB32531C61300127D01 /* ViewController.swift */,
				E252AA442532350300BDD317 /* ChatViewController.swift */,
				E252AA462532355200BDD317 /* -----ViewController.swift */,
				E2851CB52531C61300127D01 /* Main.storyboard */,
				E2851CB82531C61600127D01 /* Assets.xcassets */,
				E2851CBA2531C61600127D01 /* LaunchScreen.storyboard */,
				E2851CBD2531C61600127D01 /* Info.plist */,
				E252AA482532356900BDD317 /* Chat.swift */,
				E20373CE253A035800356915 /* Message.swift */,
				E24FD16325376E9600687520 /* MockMessage.swift */,
				E252AA40253234A400BDD317 /* ChatTableViewCell.swift */,
				E252AA41253234A400BDD317 /* ChatTableViewCell.xib */,
			);
			path = ChatApp;
			sourceTree = "<group>";
		};
		E2851CC52531C61700127D01 /* ChatAppTests */ = {
			isa = PBXGroup;
			children = (
				E2851CC62531C61700127D01 /* ChatAppTests.swift */,
				E2851CC82531C61700127D01 /* Info.plist */,
			);
			path = ChatAppTests;
			sourceTree = "<group>";
		};
		E2851CD02531C61700127D01 /* ChatAppUITests */ = {
			isa = PBXGroup;
			children = (
				E2851CD12531C61700127D01 /* ChatAppUITests.swift */,
				E2851CD32531C61700127D01 /* Info.plist */,
			);
			path = ChatAppUITests;
			sourceTree = "<group>";
		};
/* End PBXGroup section */

/* Begin PBXNativeTarget section */
		E2851CAB2531C61300127D01 /* ChatApp */ = {
			isa = PBXNativeTarget;
			buildConfigurationList = E2851CD62531C61700127D01 /* Build configuration list for PBXNativeTarget "ChatApp" */;
			buildPhases = (
				761E9925766DD87B128260E6 /* [CP] Check Pods Manifest.lock */,
				E2851CA82531C61300127D01 /* Sources */,
				E2851CA92531C61300127D01 /* Frameworks */,
				E2851CAA2531C61300127D01 /* Resources */,
				F62517B9BB6FFB4743EBD263 /* [CP] Embed Pods Frameworks */,
			);
			buildRules = (
			);
			dependencies = (
			);
			name = ChatApp;
			productName = ChatApp;
			productReference = E2851CAC2531C61300127D01 /* ChatApp.app */;
			productType = "com.apple.product-type.application";
		};
		E2851CC12531C61700127D01 /* ChatAppTests */ = {
			isa = PBXNativeTarget;
			buildConfigurationList = E2851CD92531C61700127D01 /* Build configuration list for PBXNativeTarget "ChatAppTests" */;
			buildPhases = (
				6A49AB8BD2706C6CF50C5B94 /* [CP] Check Pods Manifest.lock */,
				E2851CBE2531C61700127D01 /* Sources */,
				E2851CBF2531C61700127D01 /* Frameworks */,
				E2851CC02531C61700127D01 /* Resources */,
			);
			buildRules = (
			);
			dependencies = (
				E2851CC42531C61700127D01 /* PBXTargetDependency */,
			);
			name = ChatAppTests;
			productName = ChatAppTests;
			productReference = E2851CC22531C61700127D01 /* ChatAppTests.xctest */;
			productType = "com.apple.product-type.bundle.unit-test";
		};
		E2851CCC2531C61700127D01 /* ChatAppUITests */ = {
			isa = PBXNativeTarget;
			buildConfigurationList = E2851CDC2531C61700127D01 /* Build configuration list for PBXNativeTarget "ChatAppUITests" */;
			buildPhases = (
				5A61CD978CAC6AA428B65057 /* [CP] Check Pods Manifest.lock */,
				E2851CC92531C61700127D01 /* Sources */,
				E2851CCA2531C61700127D01 /* Frameworks */,
				E2851CCB2531C61700127D01 /* Resources */,
				855B73BD7DD209EAB6EDA754 /* [CP] Embed Pods Frameworks */,
			);
			buildRules = (
			);
			dependencies = (
				E2851CCF2531C61700127D01 /* PBXTargetDependency */,
			);
			name = ChatAppUITests;
			productName = ChatAppUITests;
			productReference = E2851CCD2531C61700127D01 /* ChatAppUITests.xctest */;
			productType = "com.apple.product-type.bundle.ui-testing";
		};
/* End PBXNativeTarget section */

/* Begin PBXProject section */
		E2851CA42531C61300127D01 /* Project object */ = {
			isa = PBXProject;
			attributes = {
				LastSwiftUpdateCheck = 1170;
				LastUpgradeCheck = 1170;
				ORGANIZATIONNAME = "古田翔太郎";
				TargetAttributes = {
					E2851CAB2531C61300127D01 = {
						CreatedOnToolsVersion = 11.7;
					};
					E2851CC12531C61700127D01 = {
						CreatedOnToolsVersion = 11.7;
						TestTargetID = E2851CAB2531C61300127D01;
					};
					E2851CCC2531C61700127D01 = {
						CreatedOnToolsVersion = 11.7;
						TestTargetID = E2851CAB2531C61300127D01;
					};
				};
			};
			buildConfigurationList = E2851CA72531C61300127D01 /* Build configuration list for PBXProject "ChatApp" */;
			compatibilityVersion = "Xcode 9.3";
			developmentRegion = en;
			hasScannedForEncodings = 0;
			knownRegions = (
				en,
				Base,
			);
			mainGroup = E2851CA32531C61300127D01;
			productRefGroup = E2851CAD2531C61300127D01 /* Products */;
			projectDirPath = "";
			projectRoot = "";
			targets = (
				E2851CAB2531C61300127D01 /* ChatApp */,
				E2851CC12531C61700127D01 /* ChatAppTests */,
				E2851CCC2531C61700127D01 /* ChatAppUITests */,
			);
		};
/* End PBXProject section */

/* Begin PBXResourcesBuildPhase section */
		E2851CAA2531C61300127D01 /* Resources */ = {
			isa = PBXResourcesBuildPhase;
			buildActionMask = 2147483647;
			files = (
				E2851CBC2531C61600127D01 /* LaunchScreen.storyboard in Resources */,
				E252AA43253234A400BDD317 /* ChatTableViewCell.xib in Resources */,
				E2851CB92531C61600127D01 /* Assets.xcassets in Resources */,
				E2851CB72531C61300127D01 /* Main.storyboard in Resources */,
			);
			runOnlyForDeploymentPostprocessing = 0;
		};
		E2851CC02531C61700127D01 /* Resources */ = {
			isa = PBXResourcesBuildPhase;
			buildActionMask = 2147483647;
			files = (
			);
			runOnlyForDeploymentPostprocessing = 0;
		};
		E2851CCB2531C61700127D01 /* Resources */ = {
			isa = PBXResourcesBuildPhase;
			buildActionMask = 2147483647;
			files = (
			);
			runOnlyForDeploymentPostprocessing = 0;
		};
/* End PBXResourcesBuildPhase section */

/* Begin PBXShellScriptBuildPhase section */
		5A61CD978CAC6AA428B65057 /* [CP] Check Pods Manifest.lock */ = {
			isa = PBXShellScriptBuildPhase;
			buildActionMask = 2147483647;
			files = (
			);
			inputFileListPaths = (
			);
			inputPaths = (
				"${PODS_PODFILE_DIR_PATH}/Podfile.lock",
				"${PODS_ROOT}/Manifest.lock",
			);
			name = "[CP] Check Pods Manifest.lock";
			outputFileListPaths = (
			);
			outputPaths = (
				"$(DERIVED_FILE_DIR)/Pods-ChatApp-ChatAppUITests-checkManifestLockResult.txt",
			);
			runOnlyForDeploymentPostprocessing = 0;
			shellPath = /bin/sh;
			shellScript = "diff \"${PODS_PODFILE_DIR_PATH}/Podfile.lock\" \"${PODS_ROOT}/Manifest.lock\" > /dev/null\nif [ $? != 0 ] ; then\n    # print error to STDERR\n    echo \"error: The sandbox is not in sync with the Podfile.lock. Run 'pod install' or update your CocoaPods installation.\" >&2\n    exit 1\nfi\n# This output is used by Xcode 'outputs' to avoid re-running this script phase.\necho \"SUCCESS\" > \"${SCRIPT_OUTPUT_FILE_0}\"\n";
			showEnvVarsInLog = 0;
		};
		6A49AB8BD2706C6CF50C5B94 /* [CP] Check Pods Manifest.lock */ = {
			isa = PBXShellScriptBuildPhase;
			buildActionMask = 2147483647;
			files = (
			);
			inputFileListPaths = (
			);
			inputPaths = (
				"${PODS_PODFILE_DIR_PATH}/Podfile.lock",
				"${PODS_ROOT}/Manifest.lock",
			);
			name = "[CP] Check Pods Manifest.lock";
			outputFileListPaths = (
			);
			outputPaths = (
				"$(DERIVED_FILE_DIR)/Pods-ChatAppTests-checkManifestLockResult.txt",
			);
			runOnlyForDeploymentPostprocessing = 0;
			shellPath = /bin/sh;
			shellScript = "diff \"${PODS_PODFILE_DIR_PATH}/Podfile.lock\" \"${PODS_ROOT}/Manifest.lock\" > /dev/null\nif [ $? != 0 ] ; then\n    # print error to STDERR\n    echo \"error: The sandbox is not in sync with the Podfile.lock. Run 'pod install' or update your CocoaPods installation.\" >&2\n    exit 1\nfi\n# This output is used by Xcode 'outputs' to avoid re-running this script phase.\necho \"SUCCESS\" > \"${SCRIPT_OUTPUT_FILE_0}\"\n";
			showEnvVarsInLog = 0;
		};
		761E9925766DD87B128260E6 /* [CP] Check Pods Manifest.lock */ = {
			isa = PBXShellScriptBuildPhase;
			buildActionMask = 2147483647;
			files = (
			);
			inputFileListPaths = (
			);
			inputPaths = (
				"${PODS_PODFILE_DIR_PATH}/Podfile.lock",
				"${PODS_ROOT}/Manifest.lock",
			);
			name = "[CP] Check Pods Manifest.lock";
			outputFileListPaths = (
			);
			outputPaths = (
				"$(DERIVED_FILE_DIR)/Pods-ChatApp-checkManifestLockResult.txt",
			);
			runOnlyForDeploymentPostprocessing = 0;
			shellPath = /bin/sh;
			shellScript = "diff \"${PODS_PODFILE_DIR_PATH}/Podfile.lock\" \"${PODS_ROOT}/Manifest.lock\" > /dev/null\nif [ $? != 0 ] ; then\n    # print error to STDERR\n    echo \"error: The sandbox is not in sync with the Podfile.lock. Run 'pod install' or update your CocoaPods installation.\" >&2\n    exit 1\nfi\n# This output is used by Xcode 'outputs' to avoid re-running this script phase.\necho \"SUCCESS\" > \"${SCRIPT_OUTPUT_FILE_0}\"\n";
			showEnvVarsInLog = 0;
		};
		855B73BD7DD209EAB6EDA754 /* [CP] Embed Pods Frameworks */ = {
			isa = PBXShellScriptBuildPhase;
			buildActionMask = 2147483647;
			files = (
			);
			inputFileListPaths = (
				"${PODS_ROOT}/Target Support Files/Pods-ChatApp-ChatAppUITests/Pods-ChatApp-ChatAppUITests-frameworks-${CONFIGURATION}-input-files.xcfilelist",
			);
			name = "[CP] Embed Pods Frameworks";
			outputFileListPaths = (
				"${PODS_ROOT}/Target Support Files/Pods-ChatApp-ChatAppUITests/Pods-ChatApp-ChatAppUITests-frameworks-${CONFIGURATION}-output-files.xcfilelist",
			);
			runOnlyForDeploymentPostprocessing = 0;
			shellPath = /bin/sh;
			shellScript = "\"${PODS_ROOT}/Target Support Files/Pods-ChatApp-ChatAppUITests/Pods-ChatApp-ChatAppUITests-frameworks.sh\"\n";
			showEnvVarsInLog = 0;
		};
		F62517B9BB6FFB4743EBD263 /* [CP] Embed Pods Frameworks */ = {
			isa = PBXShellScriptBuildPhase;
			buildActionMask = 2147483647;
			files = (
			);
			inputFileListPaths = (
				"${PODS_ROOT}/Target Support Files/Pods-ChatApp/Pods-ChatApp-frameworks-${CONFIGURATION}-input-files.xcfilelist",
			);
			name = "[CP] Embed Pods Frameworks";
			outputFileListPaths = (
				"${PODS_ROOT}/Target Support Files/Pods-ChatApp/Pods-ChatApp-frameworks-${CONFIGURATION}-output-files.xcfilelist",
			);
			runOnlyForDeploymentPostprocessing = 0;
			shellPath = /bin/sh;
			shellScript = "\"${PODS_ROOT}/Target Support Files/Pods-ChatApp/Pods-ChatApp-frameworks.sh\"\n";
			showEnvVarsInLog = 0;
		};
/* End PBXShellScriptBuildPhase section */

/* Begin PBXSourcesBuildPhase section */
		E2851CA82531C61300127D01 /* Sources */ = {
			isa = PBXSourcesBuildPhase;
			buildActionMask = 2147483647;
			files = (
				E2851CB42531C61300127D01 /* ViewController.swift in Sources */,
				E252AA42253234A400BDD317 /* ChatTableViewCell.swift in Sources */,
				E2851CB02531C61300127D01 /* AppDelegate.swift in Sources */,
				E20373CF253A035800356915 /* Message.swift in Sources */,
				E24FD16425376E9600687520 /* MockMessage.swift in Sources */,
				E2851CB22531C61300127D01 /* SceneDelegate.swift in Sources */,
				E252AA492532356900BDD317 /* Chat.swift in Sources */,
				E252AA472532355200BDD317 /* -----ViewController.swift in Sources */,
				E252AA452532350300BDD317 /* ChatViewController.swift in Sources */,
			);
			runOnlyForDeploymentPostprocessing = 0;
		};
		E2851CBE2531C61700127D01 /* Sources */ = {
			isa = PBXSourcesBuildPhase;
			buildActionMask = 2147483647;
			files = (
				E2851CC72531C61700127D01 /* ChatAppTests.swift in Sources */,
			);
			runOnlyForDeploymentPostprocessing = 0;
		};
		E2851CC92531C61700127D01 /* Sources */ = {
			isa = PBXSourcesBuildPhase;
			buildActionMask = 2147483647;
			files = (
				E2851CD22531C61700127D01 /* ChatAppUITests.swift in Sources */,
			);
			runOnlyForDeploymentPostprocessing = 0;
		};
/* End PBXSourcesBuildPhase section */

/* Begin PBXTargetDependency section */
		E2851CC42531C61700127D01 /* PBXTargetDependency */ = {
			isa = PBXTargetDependency;
			target = E2851CAB2531C61300127D01 /* ChatApp */;
			targetProxy = E2851CC32531C61700127D01 /* PBXContainerItemProxy */;
		};
		E2851CCF2531C61700127D01 /* PBXTargetDependency */ = {
			isa = PBXTargetDependency;
			target = E2851CAB2531C61300127D01 /* ChatApp */;
			targetProxy = E2851CCE2531C61700127D01 /* PBXContainerItemProxy */;
		};
/* End PBXTargetDependency section */

/* Begin PBXVariantGroup section */
		E2851CB52531C61300127D01 /* Main.storyboard */ = {
			isa = PBXVariantGroup;
			children = (
				E2851CB62531C61300127D01 /* Base */,
			);
			name = Main.storyboard;
			sourceTree = "<group>";
		};
		E2851CBA2531C61600127D01 /* LaunchScreen.storyboard */ = {
			isa = PBXVariantGroup;
			children = (
				E2851CBB2531C61600127D01 /* Base */,
			);
			name = LaunchScreen.storyboard;
			sourceTree = "<group>";
		};
/* End PBXVariantGroup section */

/* Begin XCBuildConfiguration section */
		E2851CD42531C61700127D01 /* Debug */ = {
			isa = XCBuildConfiguration;
			buildSettings = {
				ALWAYS_SEARCH_USER_PATHS = NO;
				CLANG_ANALYZER_NONNULL = YES;
				CLANG_ANALYZER_NUMBER_OBJECT_CONVERSION = YES_AGGRESSIVE;
				CLANG_CXX_LANGUAGE_STANDARD = "gnu++14";
				CLANG_CXX_LIBRARY = "libc++";
				CLANG_ENABLE_MODULES = YES;
				CLANG_ENABLE_OBJC_ARC = YES;
				CLANG_ENABLE_OBJC_WEAK = YES;
				CLANG_WARN_BLOCK_CAPTURE_AUTORELEASING = YES;
				CLANG_WARN_BOOL_CONVERSION = YES;
				CLANG_WARN_COMMA = YES;
				CLANG_WARN_CONSTANT_CONVERSION = YES;
				CLANG_WARN_DEPRECATED_OBJC_IMPLEMENTATIONS = YES;
				CLANG_WARN_DIRECT_OBJC_ISA_USAGE = YES_ERROR;
				CLANG_WARN_DOCUMENTATION_COMMENTS = YES;
				CLANG_WARN_EMPTY_BODY = YES;
				CLANG_WARN_ENUM_CONVERSION = YES;
				CLANG_WARN_INFINITE_RECURSION = YES;
				CLANG_WARN_INT_CONVERSION = YES;
				CLANG_WARN_NON_LITERAL_NULL_CONVERSION = YES;
				CLANG_WARN_OBJC_IMPLICIT_RETAIN_SELF = YES;
				CLANG_WARN_OBJC_LITERAL_CONVERSION = YES;
				CLANG_WARN_OBJC_ROOT_CLASS = YES_ERROR;
				CLANG_WARN_RANGE_LOOP_ANALYSIS = YES;
				CLANG_WARN_STRICT_PROTOTYPES = YES;
				CLANG_WARN_SUSPICIOUS_MOVE = YES;
				CLANG_WARN_UNGUARDED_AVAILABILITY = YES_AGGRESSIVE;
				CLANG_WARN_UNREACHABLE_CODE = YES;
				CLANG_WARN__DUPLICATE_METHOD_MATCH = YES;
				COPY_PHASE_STRIP = NO;
				DEBUG_INFORMATION_FORMAT = dwarf;
				ENABLE_STRICT_OBJC_MSGSEND = YES;
				ENABLE_TESTABILITY = YES;
				GCC_C_LANGUAGE_STANDARD = gnu11;
				GCC_DYNAMIC_NO_PIC = NO;
				GCC_NO_COMMON_BLOCKS = YES;
				GCC_OPTIMIZATION_LEVEL = 0;
				GCC_PREPROCESSOR_DEFINITIONS = (
					"DEBUG=1",
					"$(inherited)",
				);
				GCC_WARN_64_TO_32_BIT_CONVERSION = YES;
				GCC_WARN_ABOUT_RETURN_TYPE = YES_ERROR;
				GCC_WARN_UNDECLARED_SELECTOR = YES;
				GCC_WARN_UNINITIALIZED_AUTOS = YES_AGGRESSIVE;
				GCC_WARN_UNUSED_FUNCTION = YES;
				GCC_WARN_UNUSED_VARIABLE = YES;
				IPHONEOS_DEPLOYMENT_TARGET = 13.7;
				MTL_ENABLE_DEBUG_INFO = INCLUDE_SOURCE;
				MTL_FAST_MATH = YES;
				ONLY_ACTIVE_ARCH = YES;
				SDKROOT = iphoneos;
				SWIFT_ACTIVE_COMPILATION_CONDITIONS = DEBUG;
				SWIFT_OPTIMIZATION_LEVEL = "-Onone";
			};
			name = Debug;
		};
		E2851CD52531C61700127D01 /* Release */ = {
			isa = XCBuildConfiguration;
			buildSettings = {
				ALWAYS_SEARCH_USER_PATHS = NO;
				CLANG_ANALYZER_NONNULL = YES;
				CLANG_ANALYZER_NUMBER_OBJECT_CONVERSION = YES_AGGRESSIVE;
				CLANG_CXX_LANGUAGE_STANDARD = "gnu++14";
				CLANG_CXX_LIBRARY = "libc++";
				CLANG_ENABLE_MODULES = YES;
				CLANG_ENABLE_OBJC_ARC = YES;
				CLANG_ENABLE_OBJC_WEAK = YES;
				CLANG_WARN_BLOCK_CAPTURE_AUTORELEASING = YES;
				CLANG_WARN_BOOL_CONVERSION = YES;
				CLANG_WARN_COMMA = YES;
				CLANG_WARN_CONSTANT_CONVERSION = YES;
				CLANG_WARN_DEPRECATED_OBJC_IMPLEMENTATIONS = YES;
				CLANG_WARN_DIRECT_OBJC_ISA_USAGE = YES_ERROR;
				CLANG_WARN_DOCUMENTATION_COMMENTS = YES;
				CLANG_WARN_EMPTY_BODY = YES;
				CLANG_WARN_ENUM_CONVERSION = YES;
				CLANG_WARN_INFINITE_RECURSION = YES;
				CLANG_WARN_INT_CONVERSION = YES;
				CLANG_WARN_NON_LITERAL_NULL_CONVERSION = YES;
				CLANG_WARN_OBJC_IMPLICIT_RETAIN_SELF = YES;
				CLANG_WARN_OBJC_LITERAL_CONVERSION = YES;
				CLANG_WARN_OBJC_ROOT_CLASS = YES_ERROR;
				CLANG_WARN_RANGE_LOOP_ANALYSIS = YES;
				CLANG_WARN_STRICT_PROTOTYPES = YES;
				CLANG_WARN_SUSPICIOUS_MOVE = YES;
				CLANG_WARN_UNGUARDED_AVAILABILITY = YES_AGGRESSIVE;
				CLANG_WARN_UNREACHABLE_CODE = YES;
				CLANG_WARN__DUPLICATE_METHOD_MATCH = YES;
				COPY_PHASE_STRIP = NO;
				DEBUG_INFORMATION_FORMAT = "dwarf-with-dsym";
				ENABLE_NS_ASSERTIONS = NO;
				ENABLE_STRICT_OBJC_MSGSEND = YES;
				GCC_C_LANGUAGE_STANDARD = gnu11;
				GCC_NO_COMMON_BLOCKS = YES;
				GCC_WARN_64_TO_32_BIT_CONVERSION = YES;
				GCC_WARN_ABOUT_RETURN_TYPE = YES_ERROR;
				GCC_WARN_UNDECLARED_SELECTOR = YES;
				GCC_WARN_UNINITIALIZED_AUTOS = YES_AGGRESSIVE;
				GCC_WARN_UNUSED_FUNCTION = YES;
				GCC_WARN_UNUSED_VARIABLE = YES;
				IPHONEOS_DEPLOYMENT_TARGET = 13.7;
				MTL_ENABLE_DEBUG_INFO = NO;
				MTL_FAST_MATH = YES;
				SDKROOT = iphoneos;
				SWIFT_COMPILATION_MODE = wholemodule;
				SWIFT_OPTIMIZATION_LEVEL = "-O";
				VALIDATE_PRODUCT = YES;
			};
			name = Release;
		};
		E2851CD72531C61700127D01 /* Debug */ = {
			isa = XCBuildConfiguration;
			baseConfigurationReference = 93BBE89F8E6D7E9300E34D73 /* Pods-ChatApp.debug.xcconfig */;
			buildSettings = {
				ASSETCATALOG_COMPILER_APPICON_NAME = AppIcon;
				CODE_SIGN_STYLE = Automatic;
				DEVELOPMENT_TEAM = G7247T62JR;
				INFOPLIST_FILE = ChatApp/Info.plist;
				LD_RUNPATH_SEARCH_PATHS = (
					"$(inherited)",
					"@executable_path/Frameworks",
				);
				PRODUCT_BUNDLE_IDENTIFIER = anny.ChatApp;
				PRODUCT_NAME = "$(TARGET_NAME)";
				SWIFT_VERSION = 5.0;
				TARGETED_DEVICE_FAMILY = "1,2";
			};
			name = Debug;
		};
		E2851CD82531C61700127D01 /* Release */ = {
			isa = XCBuildConfiguration;
			baseConfigurationReference = DF466DF8436D64C55CA20489 /* Pods-ChatApp.release.xcconfig */;
			buildSettings = {
				ASSETCATALOG_COMPILER_APPICON_NAME = AppIcon;
				CODE_SIGN_STYLE = Automatic;
				DEVELOPMENT_TEAM = G7247T62JR;
				INFOPLIST_FILE = ChatApp/Info.plist;
				LD_RUNPATH_SEARCH_PATHS = (
					"$(inherited)",
					"@executable_path/Frameworks",
				);
				PRODUCT_BUNDLE_IDENTIFIER = anny.ChatApp;
				PRODUCT_NAME = "$(TARGET_NAME)";
				SWIFT_VERSION = 5.0;
				TARGETED_DEVICE_FAMILY = "1,2";
			};
			name = Release;
		};
		E2851CDA2531C61700127D01 /* Debug */ = {
			isa = XCBuildConfiguration;
			baseConfigurationReference = A70E44722463EDC4585877BE /* Pods-ChatAppTests.debug.xcconfig */;
			buildSettings = {
				ALWAYS_EMBED_SWIFT_STANDARD_LIBRARIES = YES;
				BUNDLE_LOADER = "$(TEST_HOST)";
				CODE_SIGN_STYLE = Automatic;
				INFOPLIST_FILE = ChatAppTests/Info.plist;
				IPHONEOS_DEPLOYMENT_TARGET = 13.7;
				LD_RUNPATH_SEARCH_PATHS = (
					"$(inherited)",
					"@executable_path/Frameworks",
					"@loader_path/Frameworks",
				);
				PRODUCT_BUNDLE_IDENTIFIER = anny.ChatAppTests;
				PRODUCT_NAME = "$(TARGET_NAME)";
				SWIFT_VERSION = 5.0;
				TARGETED_DEVICE_FAMILY = "1,2";
				TEST_HOST = "$(BUILT_PRODUCTS_DIR)/ChatApp.app/ChatApp";
			};
			name = Debug;
		};
		E2851CDB2531C61700127D01 /* Release */ = {
			isa = XCBuildConfiguration;
			baseConfigurationReference = CF80B55EB4F2DC0B3D2CE92D /* Pods-ChatAppTests.release.xcconfig */;
			buildSettings = {
				ALWAYS_EMBED_SWIFT_STANDARD_LIBRARIES = YES;
				BUNDLE_LOADER = "$(TEST_HOST)";
				CODE_SIGN_STYLE = Automatic;
				INFOPLIST_FILE = ChatAppTests/Info.plist;
				IPHONEOS_DEPLOYMENT_TARGET = 13.7;
				LD_RUNPATH_SEARCH_PATHS = (
					"$(inherited)",
					"@executable_path/Frameworks",
					"@loader_path/Frameworks",
				);
				PRODUCT_BUNDLE_IDENTIFIER = anny.ChatAppTests;
				PRODUCT_NAME = "$(TARGET_NAME)";
				SWIFT_VERSION = 5.0;
				TARGETED_DEVICE_FAMILY = "1,2";
				TEST_HOST = "$(BUILT_PRODUCTS_DIR)/ChatApp.app/ChatApp";
			};
			name = Release;
		};
		E2851CDD2531C61700127D01 /* Debug */ = {
			isa = XCBuildConfiguration;
			baseConfigurationReference = 41A74983D907809EF9751510 /* Pods-ChatApp-ChatAppUITests.debug.xcconfig */;
			buildSettings = {
				ALWAYS_EMBED_SWIFT_STANDARD_LIBRARIES = YES;
				CODE_SIGN_STYLE = Automatic;
				INFOPLIST_FILE = ChatAppUITests/Info.plist;
				LD_RUNPATH_SEARCH_PATHS = (
					"$(inherited)",
					"@executable_path/Frameworks",
					"@loader_path/Frameworks",
				);
				PRODUCT_BUNDLE_IDENTIFIER = anny.ChatAppUITests;
				PRODUCT_NAME = "$(TARGET_NAME)";
				SWIFT_VERSION = 5.0;
				TARGETED_DEVICE_FAMILY = "1,2";
				TEST_TARGET_NAME = ChatApp;
			};
			name = Debug;
		};
		E2851CDE2531C61700127D01 /* Release */ = {
			isa = XCBuildConfiguration;
			baseConfigurationReference = D695E970238F5003A3A2F7A9 /* Pods-ChatApp-ChatAppUITests.release.xcconfig */;
			buildSettings = {
				ALWAYS_EMBED_SWIFT_STANDARD_LIBRARIES = YES;
				CODE_SIGN_STYLE = Automatic;
				INFOPLIST_FILE = ChatAppUITests/Info.plist;
				LD_RUNPATH_SEARCH_PATHS = (
					"$(inherited)",
					"@executable_path/Frameworks",
					"@loader_path/Frameworks",
				);
				PRODUCT_BUNDLE_IDENTIFIER = anny.ChatAppUITests;
				PRODUCT_NAME = "$(TARGET_NAME)";
				SWIFT_VERSION = 5.0;
				TARGETED_DEVICE_FAMILY = "1,2";
				TEST_TARGET_NAME = ChatApp;
			};
			name = Release;
		};
/* End XCBuildConfiguration section */

/* Begin XCConfigurationList section */
		E2851CA72531C61300127D01 /* Build configuration list for PBXProject "ChatApp" */ = {
			isa = XCConfigurationList;
			buildConfigurations = (
				E2851CD42531C61700127D01 /* Debug */,
				E2851CD52531C61700127D01 /* Release */,
			);
			defaultConfigurationIsVisible = 0;
			defaultConfigurationName = Release;
		};
		E2851CD62531C61700127D01 /* Build configuration list for PBXNativeTarget "ChatApp" */ = {
			isa = XCConfigurationList;
			buildConfigurations = (
				E2851CD72531C61700127D01 /* Debug */,
				E2851CD82531C61700127D01 /* Release */,
			);
			defaultConfigurationIsVisible = 0;
			defaultConfigurationName = Release;
		};
		E2851CD92531C61700127D01 /* Build configuration list for PBXNativeTarget "ChatAppTests" */ = {
			isa = XCConfigurationList;
			buildConfigurations = (
				E2851CDA2531C61700127D01 /* Debug */,
				E2851CDB2531C61700127D01 /* Release */,
			);
			defaultConfigurationIsVisible = 0;
			defaultConfigurationName = Release;
		};
		E2851CDC2531C61700127D01 /* Build configuration list for PBXNativeTarget "ChatAppUITests" */ = {
			isa = XCConfigurationList;
			buildConfigurations = (
				E2851CDD2531C61700127D01 /* Debug */,
				E2851CDE2531C61700127D01 /* Release */,
			);
			defaultConfigurationIsVisible = 0;
			defaultConfigurationName = Release;
		};
/* End XCConfigurationList section */
	};
	rootObject = E2851CA42531C61300127D01 /* Project object */;
}
